
Microsoft Visual Studio Solution File, Format Version 12.00
# Visual Studio 2013
VisualStudioVersion = 12.0.21005.1
MinimumVisualStudioVersion = 10.0.40219.1
Project("{FAE04EC0-301F-11D3-BF4B-00C04F79EFBC}") = "SetSpotter", "SetSpotter\SetSpotter.csproj", "{A7580F0F-4CD3-4F06-AA33-B1BF3E96B159}"
EndProject
Project("{FAE04EC0-301F-11D3-BF4B-00C04F79EFBC}") = "SetSpotterTests", "SetSpotterTests\SetSpotterTests.csproj", "{0A1C18AB-C8CB-4DFC-8ADB-9E0E1DAF6CCF}"
EndProject
Project("{FAE04EC0-301F-11D3-BF4B-00C04F79EFBC}") = "ImageResizer", "ImageResizer\ImageResizer.csproj", "{121C38CF-93D4-44ED-AFE2-A0EE14F25DA1}"
EndProject
Project("{FAE04EC0-301F-11D3-BF4B-00C04F79EFBC}") = "Namer", "Namer\Namer.csproj", "{1F18F16B-684D-411B-B0AF-94EA9989B5A7}"
EndProject
Project("{FAE04EC0-301F-11D3-BF4B-00C04F79EFBC}") = "ColorInspector", "ColorInspector\ColorInspector.csproj", "{903D82C9-119E-4698-AD4A-5B23DE999DB9}"
EndProject
Project("{FAE04EC0-301F-11D3-BF4B-00C04F79EFBC}") = "ColorPicker", "ColorPicker\ColorPicker.csproj", "{E829303F-C7BC-473F-A861-6DD007DF5F9E}"
EndProject
Project("{2150E333-8FDC-42A3-9474-1A3956D46DE8}") = "Solution Items", "Solution Items", "{0A6828AB-95E9-48AF-9FF2-630D995C91AA}"
	ProjectSection(SolutionItems) = preProject
		numbers.csv = numbers.csv
	EndProjectSection
EndProject
Global
	GlobalSection(SolutionConfigurationPlatforms) = preSolution
		Debug|Any CPU = Debug|Any CPU
		Release|Any CPU = Release|Any CPU
	EndGlobalSection
	GlobalSection(ProjectConfigurationPlatforms) = postSolution
		{A7580F0F-4CD3-4F06-AA33-B1BF3E96B159}.Debug|Any CPU.ActiveCfg = Debug|Any CPU
		{A7580F0F-4CD3-4F06-AA33-B1BF3E96B159}.Debug|Any CPU.Build.0 = Debug|Any CPU
		{A7580F0F-4CD3-4F06-AA33-B1BF3E96B159}.Release|Any CPU.ActiveCfg = Release|Any CPU
		{A7580F0F-4CD3-4F06-AA33-B1BF3E96B159}.Release|Any CPU.Build.0 = Release|Any CPU
		{0A1C18AB-C8CB-4DFC-8ADB-9E0E1DAF6CCF}.Debug|Any CPU.ActiveCfg = Debug|Any CPU
		{0A1C18AB-C8CB-4DFC-8ADB-9E0E1DAF6CCF}.Debug|Any CPU.Build.0 = Debug|Any CPU
		{0A1C18AB-C8CB-4DFC-8ADB-9E0E1DAF6CCF}.Release|Any CPU.ActiveCfg = Release|Any CPU
		{0A1C18AB-C8CB-4DFC-8ADB-9E0E1DAF6CCF}.Release|Any CPU.Build.0 = Release|Any CPU
		{121C38CF-93D4-44ED-AFE2-A0EE14F25DA1}.Debug|Any CPU.ActiveCfg = Debug|Any CPU
		{121C38CF-93D4-44ED-AFE2-A0EE14F25DA1}.Debug|Any CPU.Build.0 = Debug|Any CPU
		{121C38CF-93D4-44ED-AFE2-A0EE14F25DA1}.Release|Any CPU.ActiveCfg = Release|Any CPU
		{121C38CF-93D4-44ED-AFE2-A0EE14F25DA1}.Release|Any CPU.Build.0 = Release|Any CPU
		{1F18F16B-684D-411B-B0AF-94EA9989B5A7}.Debug|Any CPU.ActiveCfg = Debug|Any CPU
		{1F18F16B-684D-411B-B0AF-94EA9989B5A7}.Debug|Any CPU.Build.0 = Debug|Any CPU
		{1F18F16B-684D-411B-B0AF-94EA9989B5A7}.Release|Any CPU.ActiveCfg = Release|Any CPU
		{1F18F16B-684D-411B-B0AF-94EA9989B5A7}.Release|Any CPU.Build.0 = Release|Any CPU
		{903D82C9-119E-4698-AD4A-5B23DE999DB9}.Debug|Any CPU.ActiveCfg = Debug|Any CPU
		{903D82C9-119E-4698-AD4A-5B23DE999DB9}.Debug|Any CPU.Build.0 = Debug|Any CPU
		{903D82C9-119E-4698-AD4A-5B23DE999DB9}.Release|Any CPU.ActiveCfg = Release|Any CPU
		{903D82C9-119E-4698-AD4A-5B23DE999DB9}.Release|Any CPU.Build.0 = Release|Any CPU
		{E829303F-C7BC-473F-A861-6DD007DF5F9E}.Debug|Any CPU.ActiveCfg = Debug|Any CPU
		{E829303F-C7BC-473F-A861-6DD007DF5F9E}.Debug|Any CPU.Build.0 = Debug|Any CPU
		{E829303F-C7BC-473F-A861-6DD007DF5F9E}.Release|Any CPU.ActiveCfg = Release|Any CPU
		{E829303F-C7BC-473F-A861-6DD007DF5F9E}.Release|Any CPU.Build.0 = Release|Any CPU
	EndGlobalSection
	GlobalSection(SolutionProperties) = preSolution
		HideSolutionNode = FALSE
	EndGlobalSection
EndGlobal
